
Microsoft Visual Studio Solution File, Format Version 12.00
# Visual Studio 15
VisualStudioVersion = 15.0.28307.421
MinimumVisualStudioVersion = 10.0.40219.1
Project("{FAE04EC0-301F-11D3-BF4B-00C04F79EFBC}") = "Knjizara", "Knjizara\Knjizara.csproj", "{AB322A44-1002-4246-8C56-45C684A3497D}"
EndProject
Global
	GlobalSection(SolutionConfigurationPlatforms) = preSolution
		Debug|Any CPU = Debug|Any CPU
		Release|Any CPU = Release|Any CPU
	EndGlobalSection
	GlobalSection(ProjectConfigurationPlatforms) = postSolution
		{AB322A44-1002-4246-8C56-45C684A3497D}.Debug|Any CPU.ActiveCfg = Debug|Any CPU
		{AB322A44-1002-4246-8C56-45C684A3497D}.Debug|Any CPU.Build.0 = Debug|Any CPU
		{AB322A44-1002-4246-8C56-45C684A3497D}.Release|Any CPU.ActiveCfg = Release|Any CPU
		{AB322A44-1002-4246-8C56-45C684A3497D}.Release|Any CPU.Build.0 = Release|Any CPU
	EndGlobalSection
	GlobalSection(SolutionProperties) = preSolution
		HideSolutionNode = FALSE
	EndGlobalSection
	GlobalSection(ExtensibilityGlobals) = postSolution
		SolutionGuid = {F498834D-EA5C-46D5-A42A-BB5EAA43BD21}
	EndGlobalSection
EndGlobal
